
Microsoft Visual Studio Solution File, Format Version 12.00
# Visual Studio 15
VisualStudioVersion = 15.0.27130.2027
MinimumVisualStudioVersion = 10.0.40219.1
Project("{FAE04EC0-301F-11D3-BF4B-00C04F79EFBC}") = "HackerRank", "HackerRank\HackerRank.csproj", "{4735BEED-52A5-43C6-820A-7BA2233BA9DF}"
EndProject
Project("{FAE04EC0-301F-11D3-BF4B-00C04F79EFBC}") = "HackerRankUnitTests", "HackerRankUnitTests\HackerRankUnitTests.csproj", "{8E1FE9B3-7903-4615-AD7D-3860B62DFE3A}"
EndProject
Global
	GlobalSection(SolutionConfigurationPlatforms) = preSolution
		Debug|Any CPU = Debug|Any CPU
		Release|Any CPU = Release|Any CPU
	EndGlobalSection
	GlobalSection(ProjectConfigurationPlatforms) = postSolution
		{4735BEED-52A5-43C6-820A-7BA2233BA9DF}.Debug|Any CPU.ActiveCfg = Debug|Any CPU
		{4735BEED-52A5-43C6-820A-7BA2233BA9DF}.Debug|Any CPU.Build.0 = Debug|Any CPU
		{4735BEED-52A5-43C6-820A-7BA2233BA9DF}.Release|Any CPU.ActiveCfg = Release|Any CPU
		{4735BEED-52A5-43C6-820A-7BA2233BA9DF}.Release|Any CPU.Build.0 = Release|Any CPU
		{8E1FE9B3-7903-4615-AD7D-3860B62DFE3A}.Debug|Any CPU.ActiveCfg = Debug|Any CPU
		{8E1FE9B3-7903-4615-AD7D-3860B62DFE3A}.Debug|Any CPU.Build.0 = Debug|Any CPU
		{8E1FE9B3-7903-4615-AD7D-3860B62DFE3A}.Release|Any CPU.ActiveCfg = Release|Any CPU
		{8E1FE9B3-7903-4615-AD7D-3860B62DFE3A}.Release|Any CPU.Build.0 = Release|Any CPU
	EndGlobalSection
	GlobalSection(SolutionProperties) = preSolution
		HideSolutionNode = FALSE
	EndGlobalSection
	GlobalSection(ExtensibilityGlobals) = postSolution
		SolutionGuid = {E9B1E810-6B6F-484D-BD5B-CD9D2AC8E20A}
	EndGlobalSection
EndGlobal
